// !$*UTF8*$!
{
	archiveVersion = 1;
	classes = {
	};
	objectVersion = 46;
	objects = {

/* Begin PBXBuildFile section */
		07027E5B585B4FD09F7145E7 /* cappuccino_pic_2_square.png in Resources */ = {isa = PBXBuildFile; fileRef = F929751624CF403CA2C0D69B /* cappuccino_pic_2_square.png */; };
		083ECD0BD36443A7A0E5AD2C /* Poppins-Black.ttf in Resources */ = {isa = PBXBuildFile; fileRef = B3685B4144FD42B38E86B419 /* Poppins-Black.ttf */; };
		0BC010E649BF4039BF652DE0 /* macchiato_pic_1_square.png in Resources */ = {isa = PBXBuildFile; fileRef = FE90B1634CEE4467B123BA3E /* macchiato_pic_1_square.png */; };
		0BEAAED4F48C4B4BB7D8E5AB /* americano_pic_1_square.png in Resources */ = {isa = PBXBuildFile; fileRef = 24BF19EE9B5F4F42A92D88AC /* americano_pic_1_square.png */; };
		13B07FBC1A68108700A75B9A /* AppDelegate.mm in Sources */ = {isa = PBXBuildFile; fileRef = 13B07FB01A68108700A75B9A /* AppDelegate.mm */; };
		13B07FBF1A68108700A75B9A /* Images.xcassets in Resources */ = {isa = PBXBuildFile; fileRef = 13B07FB51A68108700A75B9A /* Images.xcassets */; };
		13B07FC11A68108700A75B9A /* main.m in Sources */ = {isa = PBXBuildFile; fileRef = 13B07FB71A68108700A75B9A /* main.m */; };
		1495412D0BBD474080ED14AB /* macchiato_pic_3_portrait.png in Resources */ = {isa = PBXBuildFile; fileRef = 9BCC227B6CD44B7F8A0D8B6C /* macchiato_pic_3_portrait.png */; };
		1E239D4B02164F8DA616E5F7 /* robusta_coffee_beans_portrait.png in Resources */ = {isa = PBXBuildFile; fileRef = 5B6A46A627424596B183DB5F /* robusta_coffee_beans_portrait.png */; };
		271B699FE48A47C080D9E910 /* latte_pic_2_portrait.png in Resources */ = {isa = PBXBuildFile; fileRef = 06A9375EA85D44AFBFA88728 /* latte_pic_2_portrait.png */; };
		283D1980628C4EB6BB704CD0 /* black_coffee_pic_1_portrait.png in Resources */ = {isa = PBXBuildFile; fileRef = C48E5BEC449A47F695DD52A4 /* black_coffee_pic_1_portrait.png */; };
		2A379E8CAB5B4C7484894684 /* espresso_pic_3_square.png in Resources */ = {isa = PBXBuildFile; fileRef = CDB2BF3395124123A4AE18E9 /* espresso_pic_3_square.png */; };
		2F9AE2047D6342DC96BD3A06 /* latte_pic_1_portrait.png in Resources */ = {isa = PBXBuildFile; fileRef = 20B75A2F02FE476A9C701329 /* latte_pic_1_portrait.png */; };
		308240C0261647EAB3FC7F11 /* arabica_coffee_beans_portrait.png in Resources */ = {isa = PBXBuildFile; fileRef = B3CE56D7CF34454EBBF63A8B /* arabica_coffee_beans_portrait.png */; };
		30D1B7E55A1C458892D3E210 /* espresso_pic_1_square.png in Resources */ = {isa = PBXBuildFile; fileRef = CAF9D124953A4AE98B2BEA73 /* espresso_pic_1_square.png */; };
		314AC1EB90874CB182B03664 /* amazonpay.png in Resources */ = {isa = PBXBuildFile; fileRef = E18ADB5777F344B483FC24BF /* amazonpay.png */; };
		36D9F806ED02440EB5C7A0D1 /* espresso_pic_2_square.png in Resources */ = {isa = PBXBuildFile; fileRef = 087D0F8BA79D49F6981224DA /* espresso_pic_2_square.png */; };
		37F96E925F304786ADE683D4 /* latte_pic_1_square.png in Resources */ = {isa = PBXBuildFile; fileRef = 84421E5ACF5546B29937EE95 /* latte_pic_1_square.png */; };
		3E461D99554A48A4959DE609 /* SplashScreen.storyboard in Resources */ = {isa = PBXBuildFile; fileRef = AA286B85B6C04FC6940260E9 /* SplashScreen.storyboard */; };
		3EE79549BD8244E990E865F4 /* noop-file.swift in Sources */ = {isa = PBXBuildFile; fileRef = E9C393BAD5344E3CB7B99F58 /* noop-file.swift */; };
		4162D19378EF4A1BBC546889 /* Poppins-ExtraLight.ttf in Resources */ = {isa = PBXBuildFile; fileRef = 04F457679A64404D86542D59 /* Poppins-ExtraLight.ttf */; };
		4226F704E6144A95B9B68156 /* macchiato_pic_1_portrait.png in Resources */ = {isa = PBXBuildFile; fileRef = ACF2D7F3F3E340D3A96C9D09 /* macchiato_pic_1_portrait.png */; };
		445D2B35574B42F38E037395 /* Poppins-Regular.ttf in Resources */ = {isa = PBXBuildFile; fileRef = 3EFCFC6E7EDA43CF8CDD1AB8 /* Poppins-Regular.ttf */; };
		47E83D1EC2534815AF0F5F05 /* splash.png in Resources */ = {isa = PBXBuildFile; fileRef = 8D7A8445CD2A45069D5973BC /* splash.png */; };
		4815206E5B434655AF9B34DE /* black_coffee_pic_1_square.png in Resources */ = {isa = PBXBuildFile; fileRef = C485207C8F6940EBA772EB02 /* black_coffee_pic_1_square.png */; };
		50EA1134A0E8471CB4DDA77B /* latte_pic_3_square.png in Resources */ = {isa = PBXBuildFile; fileRef = 1147E0A0A6EF4ED0A998B9F0 /* latte_pic_3_square.png */; };
		53F16C97777F40A7BF9F0D59 /* Poppins-Light.ttf in Resources */ = {isa = PBXBuildFile; fileRef = 70A832E239714AD2A6945555 /* Poppins-Light.ttf */; };
		544B5349C167424498C92176 /* americano_pic_3_portrait.png in Resources */ = {isa = PBXBuildFile; fileRef = 9E66941578CE496DBC3EBAEF /* americano_pic_3_portrait.png */; };
		569DFF78B70F4A459926580C /* excelsa_coffee_beans_square.png in Resources */ = {isa = PBXBuildFile; fileRef = FC6FAB2A016544D3870AB4E5 /* excelsa_coffee_beans_square.png */; };
		5893357F31FC40119FFC057C /* Poppins-Thin.ttf in Resources */ = {isa = PBXBuildFile; fileRef = 043863313696422CBE7EA14A /* Poppins-Thin.ttf */; };
		5AA5A20ADCC840A6989AD5B8 /* applepay.png in Resources */ = {isa = PBXBuildFile; fileRef = E2C60FB331A9455F94475A20 /* applepay.png */; };
		5E3FD4BC24214073A428AAB8 /* espresso_pic_1_portrait.png in Resources */ = {isa = PBXBuildFile; fileRef = A7AE7A1B0BA64884A0DF77E3 /* espresso_pic_1_portrait.png */; };
		6065BC5BF28549F5B3F87E6F /* liberica_coffee_beans_square.png in Resources */ = {isa = PBXBuildFile; fileRef = 32424C85175B48349E7AF73B /* liberica_coffee_beans_square.png */; };
		615091A7AC8B4893B0AF39AE /* liberica_coffee_beans_portrait.png in Resources */ = {isa = PBXBuildFile; fileRef = B6276C97EB764F2786EB9723 /* liberica_coffee_beans_portrait.png */; };
		691A6D804DE24DC794AF0422 /* Poppins-Bold.ttf in Resources */ = {isa = PBXBuildFile; fileRef = 5E33C3B0EE00424690F8755D /* Poppins-Bold.ttf */; };
		74111BF3A5114E3BA21D4303 /* Poppins-SemiBold.ttf in Resources */ = {isa = PBXBuildFile; fileRef = 6C8A04D6DF904E37A98626E4 /* Poppins-SemiBold.ttf */; };
		819791E0C42F4BE992A9A8EE /* cappuccino_pic_2_portrait.png in Resources */ = {isa = PBXBuildFile; fileRef = 113732D2AFEF44389F844E02 /* cappuccino_pic_2_portrait.png */; };
		85B157504630423DABD41159 /* macchiato_pic_3_square.png in Resources */ = {isa = PBXBuildFile; fileRef = 02CAB5CAA08744F280FFC8E1 /* macchiato_pic_3_square.png */; };
		8C01AD4221A24F9D9A521F68 /* black_coffee_pic_2_portrait.png in Resources */ = {isa = PBXBuildFile; fileRef = 2ADE8F4D30554BF2B5BC424A /* black_coffee_pic_2_portrait.png */; };
		93102EFA02354E6F9902E75C /* Poppins-ExtraBold.ttf in Resources */ = {isa = PBXBuildFile; fileRef = 6DED2859D70246E5BC4BD8F7 /* Poppins-ExtraBold.ttf */; };
		9546A876085C4D829E84DF55 /* robusta_coffee_beans_square.png in Resources */ = {isa = PBXBuildFile; fileRef = D411CC26203D470F9C8C730C /* robusta_coffee_beans_square.png */; };
		96905EF65AED1B983A6B3ABC /* libPods-CoffeApp.a in Frameworks */ = {isa = PBXBuildFile; fileRef = 58EEBF8E8E6FB1BC6CAF49B5 /* libPods-CoffeApp.a */; };
		96EC8FD30A794FCFB5C9978A /* latte_pic_2_square.png in Resources */ = {isa = PBXBuildFile; fileRef = 88681D930E3045CCB914440C /* latte_pic_2_square.png */; };
		9F877C1560EE4F3B9C01961A /* espresso_pic_3_portrait.png in Resources */ = {isa = PBXBuildFile; fileRef = 615CB0ADED3544FA9F4ACC04 /* espresso_pic_3_portrait.png */; };
		A173315F1E0F4AB5A77418AA /* macchiato_pic_2_square.png in Resources */ = {isa = PBXBuildFile; fileRef = 6C6671D55C694224A16ED049 /* macchiato_pic_2_square.png */; };
		A22DD2D1611C4D1D9F0BF652 /* cappuccino_pic_3_portrait.png in Resources */ = {isa = PBXBuildFile; fileRef = BFAECFF17EFD46A38FA20A3D /* cappuccino_pic_3_portrait.png */; };
		A59F81A3DF1C057DEC938CAF /* PrivacyInfo.xcprivacy in Resources */ = {isa = PBXBuildFile; fileRef = DA269581B986C788D162D69D /* PrivacyInfo.xcprivacy */; };
		A7519975F5484183A8EF28AE /* app_icons.ttf in Resources */ = {isa = PBXBuildFile; fileRef = 3FE985C1B3B54C92BACB9761 /* app_icons.ttf */; };
		B18059E884C0ABDD17F3DC3D /* ExpoModulesProvider.swift in Sources */ = {isa = PBXBuildFile; fileRef = FAC715A2D49A985799AEE119 /* ExpoModulesProvider.swift */; };
		B72EF3BF33AE4D389147A29C /* americano_pic_2_portrait.png in Resources */ = {isa = PBXBuildFile; fileRef = D390A0FA10BC4F2B96863E03 /* americano_pic_2_portrait.png */; };
		BB2F792D24A3F905000567C9 /* Expo.plist in Resources */ = {isa = PBXBuildFile; fileRef = BB2F792C24A3F905000567C9 /* Expo.plist */; };
		BCE0EA4E995C46F09D6136C4 /* espresso_pic_2_portrait.png in Resources */ = {isa = PBXBuildFile; fileRef = 429562D5EF1D45C1BAD41E75 /* espresso_pic_2_portrait.png */; };
		BE7874021C46455386D75792 /* black_coffee_pic_3_portrait.png in Resources */ = {isa = PBXBuildFile; fileRef = C3B0F1A866A74DC194B196B7 /* black_coffee_pic_3_portrait.png */; };
		C0886ED4C894415F949623CB /* cappuccino_pic_1_portrait.png in Resources */ = {isa = PBXBuildFile; fileRef = 82FF474F48CF4E45B580018C /* cappuccino_pic_1_portrait.png */; };
		C1C98B7177FC4FADB616751F /* icon.png in Resources */ = {isa = PBXBuildFile; fileRef = C5631FFB282B41779BDB8B58 /* icon.png */; };
		C7A43FABB8764F1B8AEF1E86 /* latte_pic_3_portrait.png in Resources */ = {isa = PBXBuildFile; fileRef = 8F94797CD6CC43CA919F768D /* latte_pic_3_portrait.png */; };
		C80A4987B10C479897CF1770 /* favicon.png in Resources */ = {isa = PBXBuildFile; fileRef = EF53836010B24CFCB489DCD3 /* favicon.png */; };
		CCB15408A15B4E77AFE9F0F1 /* arabica_coffee_beans_square.png in Resources */ = {isa = PBXBuildFile; fileRef = C0D523B93BAE43F09161CBCB /* arabica_coffee_beans_square.png */; };
		CEE8EF58A0F2474E98F84101 /* americano_pic_3_square.png in Resources */ = {isa = PBXBuildFile; fileRef = 7234E38A644C460DB55A55C9 /* americano_pic_3_square.png */; };
		CF7F0F1DC02D4E23A3433C2A /* macchiato_pic_2_portrait.png in Resources */ = {isa = PBXBuildFile; fileRef = B2289EBB91824F72B8608112 /* macchiato_pic_2_portrait.png */; };
		CFD9DB125A964107BB6D64CD /* americano_pic_2_square.png in Resources */ = {isa = PBXBuildFile; fileRef = B54E6238D4324F9A84F6B5D5 /* americano_pic_2_square.png */; };
		D30396F2607B44E49FDCCC01 /* avatar.png in Resources */ = {isa = PBXBuildFile; fileRef = 36FDE409905046BFBB89718F /* avatar.png */; };
		DC6EC00594284E269466D302 /* Poppins-Medium.ttf in Resources */ = {isa = PBXBuildFile; fileRef = 61ADC3EF0EDF4DD2B8234F52 /* Poppins-Medium.ttf */; };
		E5040B90C7604885B54612A9 /* gpay.png in Resources */ = {isa = PBXBuildFile; fileRef = FF2B31FC90064373A28A4B98 /* gpay.png */; };
		E507AAC0EC9348EF9D1D86FB /* excelsa_coffee_beans_portrait.png in Resources */ = {isa = PBXBuildFile; fileRef = A58CB92F40BE4D49A82F7F5F /* excelsa_coffee_beans_portrait.png */; };
		E65C6DD60F54409DA28FFABA /* black_coffee_pic_3_square.png in Resources */ = {isa = PBXBuildFile; fileRef = 27420F73754C4915B6603894 /* black_coffee_pic_3_square.png */; };
		EA53880AF5834A24B22F7F09 /* cappuccino_pic_3_square.png in Resources */ = {isa = PBXBuildFile; fileRef = FB717805D6A445A58522D8E8 /* cappuccino_pic_3_square.png */; };
		F70474FBB26345299F780F27 /* americano_pic_1_portrait.png in Resources */ = {isa = PBXBuildFile; fileRef = C3635CB1BB7741DB8AF5680E /* americano_pic_1_portrait.png */; };
		FD72EB37D67D4D538914F2D8 /* black_coffee_pic_2_square.png in Resources */ = {isa = PBXBuildFile; fileRef = 4AF6CAA90B6049AB973FC8F3 /* black_coffee_pic_2_square.png */; };
		FEB7DAD31D484BD68D674F32 /* cappuccino_pic_1_square.png in Resources */ = {isa = PBXBuildFile; fileRef = FFB23EB7FA5D4DA8AB522104 /* cappuccino_pic_1_square.png */; };
/* End PBXBuildFile section */

/* Begin PBXFileReference section */
		02CAB5CAA08744F280FFC8E1 /* macchiato_pic_3_square.png */ = {isa = PBXFileReference; explicitFileType = undefined; fileEncoding = undefined; includeInIndex = 0; lastKnownFileType = unknown; name = macchiato_pic_3_square.png; path = ../src/assets/coffee_assets/macchiato/square/macchiato_pic_3_square.png; sourceTree = "<group>"; };
		043863313696422CBE7EA14A /* Poppins-Thin.ttf */ = {isa = PBXFileReference; explicitFileType = undefined; fileEncoding = undefined; includeInIndex = 0; lastKnownFileType = unknown; name = "Poppins-Thin.ttf"; path = "../src/assets/fonts/Poppins-Thin.ttf"; sourceTree = "<group>"; };
		04F457679A64404D86542D59 /* Poppins-ExtraLight.ttf */ = {isa = PBXFileReference; explicitFileType = undefined; fileEncoding = undefined; includeInIndex = 0; lastKnownFileType = unknown; name = "Poppins-ExtraLight.ttf"; path = "../src/assets/fonts/Poppins-ExtraLight.ttf"; sourceTree = "<group>"; };
		06A9375EA85D44AFBFA88728 /* latte_pic_2_portrait.png */ = {isa = PBXFileReference; explicitFileType = undefined; fileEncoding = undefined; includeInIndex = 0; lastKnownFileType = unknown; name = latte_pic_2_portrait.png; path = ../src/assets/coffee_assets/latte/portrait/latte_pic_2_portrait.png; sourceTree = "<group>"; };
		087D0F8BA79D49F6981224DA /* espresso_pic_2_square.png */ = {isa = PBXFileReference; explicitFileType = undefined; fileEncoding = undefined; includeInIndex = 0; lastKnownFileType = unknown; name = espresso_pic_2_square.png; path = ../src/assets/coffee_assets/espressso/square/espresso_pic_2_square.png; sourceTree = "<group>"; };
		113732D2AFEF44389F844E02 /* cappuccino_pic_2_portrait.png */ = {isa = PBXFileReference; explicitFileType = undefined; fileEncoding = undefined; includeInIndex = 0; lastKnownFileType = unknown; name = cappuccino_pic_2_portrait.png; path = ../src/assets/coffee_assets/cappuccino/portrait/cappuccino_pic_2_portrait.png; sourceTree = "<group>"; };
		1147E0A0A6EF4ED0A998B9F0 /* latte_pic_3_square.png */ = {isa = PBXFileReference; explicitFileType = undefined; fileEncoding = undefined; includeInIndex = 0; lastKnownFileType = unknown; name = latte_pic_3_square.png; path = ../src/assets/coffee_assets/latte/square/latte_pic_3_square.png; sourceTree = "<group>"; };
		13B07F961A680F5B00A75B9A /* CoffeApp.app */ = {isa = PBXFileReference; explicitFileType = wrapper.application; includeInIndex = 0; path = CoffeApp.app; sourceTree = BUILT_PRODUCTS_DIR; };
		13B07FAF1A68108700A75B9A /* AppDelegate.h */ = {isa = PBXFileReference; fileEncoding = 4; lastKnownFileType = sourcecode.c.h; name = AppDelegate.h; path = CoffeApp/AppDelegate.h; sourceTree = "<group>"; };
		13B07FB01A68108700A75B9A /* AppDelegate.mm */ = {isa = PBXFileReference; fileEncoding = 4; lastKnownFileType = sourcecode.cpp.objcpp; name = AppDelegate.mm; path = CoffeApp/AppDelegate.mm; sourceTree = "<group>"; };
		13B07FB51A68108700A75B9A /* Images.xcassets */ = {isa = PBXFileReference; lastKnownFileType = folder.assetcatalog; name = Images.xcassets; path = CoffeApp/Images.xcassets; sourceTree = "<group>"; };
		13B07FB61A68108700A75B9A /* Info.plist */ = {isa = PBXFileReference; fileEncoding = 4; lastKnownFileType = text.plist.xml; name = Info.plist; path = CoffeApp/Info.plist; sourceTree = "<group>"; };
		13B07FB71A68108700A75B9A /* main.m */ = {isa = PBXFileReference; fileEncoding = 4; lastKnownFileType = sourcecode.c.objc; name = main.m; path = CoffeApp/main.m; sourceTree = "<group>"; };
		20B75A2F02FE476A9C701329 /* latte_pic_1_portrait.png */ = {isa = PBXFileReference; explicitFileType = undefined; fileEncoding = undefined; includeInIndex = 0; lastKnownFileType = unknown; name = latte_pic_1_portrait.png; path = ../src/assets/coffee_assets/latte/portrait/latte_pic_1_portrait.png; sourceTree = "<group>"; };
		24BF19EE9B5F4F42A92D88AC /* americano_pic_1_square.png */ = {isa = PBXFileReference; explicitFileType = undefined; fileEncoding = undefined; includeInIndex = 0; lastKnownFileType = unknown; name = americano_pic_1_square.png; path = ../src/assets/coffee_assets/americano/square/americano_pic_1_square.png; sourceTree = "<group>"; };
		27420F73754C4915B6603894 /* black_coffee_pic_3_square.png */ = {isa = PBXFileReference; explicitFileType = undefined; fileEncoding = undefined; includeInIndex = 0; lastKnownFileType = unknown; name = black_coffee_pic_3_square.png; path = ../src/assets/coffee_assets/black_coffee/square/black_coffee_pic_3_square.png; sourceTree = "<group>"; };
		2ADE8F4D30554BF2B5BC424A /* black_coffee_pic_2_portrait.png */ = {isa = PBXFileReference; explicitFileType = undefined; fileEncoding = undefined; includeInIndex = 0; lastKnownFileType = unknown; name = black_coffee_pic_2_portrait.png; path = ../src/assets/coffee_assets/black_coffee/portrait/black_coffee_pic_2_portrait.png; sourceTree = "<group>"; };
		32424C85175B48349E7AF73B /* liberica_coffee_beans_square.png */ = {isa = PBXFileReference; explicitFileType = undefined; fileEncoding = undefined; includeInIndex = 0; lastKnownFileType = unknown; name = liberica_coffee_beans_square.png; path = ../src/assets/coffee_assets/liberica_coffee_beans/liberica_coffee_beans_square.png; sourceTree = "<group>"; };
		36FDE409905046BFBB89718F /* avatar.png */ = {isa = PBXFileReference; explicitFileType = undefined; fileEncoding = undefined; includeInIndex = 0; lastKnownFileType = unknown; name = avatar.png; path = ../src/assets/app_images/avatar.png; sourceTree = "<group>"; };
		3EFCFC6E7EDA43CF8CDD1AB8 /* Poppins-Regular.ttf */ = {isa = PBXFileReference; explicitFileType = undefined; fileEncoding = undefined; includeInIndex = 0; lastKnownFileType = unknown; name = "Poppins-Regular.ttf"; path = "../src/assets/fonts/Poppins-Regular.ttf"; sourceTree = "<group>"; };
		3FE985C1B3B54C92BACB9761 /* app_icons.ttf */ = {isa = PBXFileReference; explicitFileType = undefined; fileEncoding = undefined; includeInIndex = 0; lastKnownFileType = unknown; name = app_icons.ttf; path = ../src/assets/fonts/app_icons.ttf; sourceTree = "<group>"; };
		429562D5EF1D45C1BAD41E75 /* espresso_pic_2_portrait.png */ = {isa = PBXFileReference; explicitFileType = undefined; fileEncoding = undefined; includeInIndex = 0; lastKnownFileType = unknown; name = espresso_pic_2_portrait.png; path = ../src/assets/coffee_assets/espressso/portrait/espresso_pic_2_portrait.png; sourceTree = "<group>"; };
		4AF6CAA90B6049AB973FC8F3 /* black_coffee_pic_2_square.png */ = {isa = PBXFileReference; explicitFileType = undefined; fileEncoding = undefined; includeInIndex = 0; lastKnownFileType = unknown; name = black_coffee_pic_2_square.png; path = ../src/assets/coffee_assets/black_coffee/square/black_coffee_pic_2_square.png; sourceTree = "<group>"; };
		58EEBF8E8E6FB1BC6CAF49B5 /* libPods-CoffeApp.a */ = {isa = PBXFileReference; explicitFileType = archive.ar; includeInIndex = 0; path = "libPods-CoffeApp.a"; sourceTree = BUILT_PRODUCTS_DIR; };
		5B6A46A627424596B183DB5F /* robusta_coffee_beans_portrait.png */ = {isa = PBXFileReference; explicitFileType = undefined; fileEncoding = undefined; includeInIndex = 0; lastKnownFileType = unknown; name = robusta_coffee_beans_portrait.png; path = ../src/assets/coffee_assets/robusta_coffee_beans/robusta_coffee_beans_portrait.png; sourceTree = "<group>"; };
		5E33C3B0EE00424690F8755D /* Poppins-Bold.ttf */ = {isa = PBXFileReference; explicitFileType = undefined; fileEncoding = undefined; includeInIndex = 0; lastKnownFileType = unknown; name = "Poppins-Bold.ttf"; path = "../src/assets/fonts/Poppins-Bold.ttf"; sourceTree = "<group>"; };
		615CB0ADED3544FA9F4ACC04 /* espresso_pic_3_portrait.png */ = {isa = PBXFileReference; explicitFileType = undefined; fileEncoding = undefined; includeInIndex = 0; lastKnownFileType = unknown; name = espresso_pic_3_portrait.png; path = ../src/assets/coffee_assets/espressso/portrait/espresso_pic_3_portrait.png; sourceTree = "<group>"; };
		61ADC3EF0EDF4DD2B8234F52 /* Poppins-Medium.ttf */ = {isa = PBXFileReference; explicitFileType = undefined; fileEncoding = undefined; includeInIndex = 0; lastKnownFileType = unknown; name = "Poppins-Medium.ttf"; path = "../src/assets/fonts/Poppins-Medium.ttf"; sourceTree = "<group>"; };
		6C2E3173556A471DD304B334 /* Pods-CoffeApp.debug.xcconfig */ = {isa = PBXFileReference; includeInIndex = 1; lastKnownFileType = text.xcconfig; name = "Pods-CoffeApp.debug.xcconfig"; path = "Target Support Files/Pods-CoffeApp/Pods-CoffeApp.debug.xcconfig"; sourceTree = "<group>"; };
		6C6671D55C694224A16ED049 /* macchiato_pic_2_square.png */ = {isa = PBXFileReference; explicitFileType = undefined; fileEncoding = undefined; includeInIndex = 0; lastKnownFileType = unknown; name = macchiato_pic_2_square.png; path = ../src/assets/coffee_assets/macchiato/square/macchiato_pic_2_square.png; sourceTree = "<group>"; };
		6C8A04D6DF904E37A98626E4 /* Poppins-SemiBold.ttf */ = {isa = PBXFileReference; explicitFileType = undefined; fileEncoding = undefined; includeInIndex = 0; lastKnownFileType = unknown; name = "Poppins-SemiBold.ttf"; path = "../src/assets/fonts/Poppins-SemiBold.ttf"; sourceTree = "<group>"; };
		6DED2859D70246E5BC4BD8F7 /* Poppins-ExtraBold.ttf */ = {isa = PBXFileReference; explicitFileType = undefined; fileEncoding = undefined; includeInIndex = 0; lastKnownFileType = unknown; name = "Poppins-ExtraBold.ttf"; path = "../src/assets/fonts/Poppins-ExtraBold.ttf"; sourceTree = "<group>"; };
		70A832E239714AD2A6945555 /* Poppins-Light.ttf */ = {isa = PBXFileReference; explicitFileType = undefined; fileEncoding = undefined; includeInIndex = 0; lastKnownFileType = unknown; name = "Poppins-Light.ttf"; path = "../src/assets/fonts/Poppins-Light.ttf"; sourceTree = "<group>"; };
		7234E38A644C460DB55A55C9 /* americano_pic_3_square.png */ = {isa = PBXFileReference; explicitFileType = undefined; fileEncoding = undefined; includeInIndex = 0; lastKnownFileType = unknown; name = americano_pic_3_square.png; path = ../src/assets/coffee_assets/americano/square/americano_pic_3_square.png; sourceTree = "<group>"; };
		7A4D352CD337FB3A3BF06240 /* Pods-CoffeApp.release.xcconfig */ = {isa = PBXFileReference; includeInIndex = 1; lastKnownFileType = text.xcconfig; name = "Pods-CoffeApp.release.xcconfig"; path = "Target Support Files/Pods-CoffeApp/Pods-CoffeApp.release.xcconfig"; sourceTree = "<group>"; };
		82FF474F48CF4E45B580018C /* cappuccino_pic_1_portrait.png */ = {isa = PBXFileReference; explicitFileType = undefined; fileEncoding = undefined; includeInIndex = 0; lastKnownFileType = unknown; name = cappuccino_pic_1_portrait.png; path = ../src/assets/coffee_assets/cappuccino/portrait/cappuccino_pic_1_portrait.png; sourceTree = "<group>"; };
		84421E5ACF5546B29937EE95 /* latte_pic_1_square.png */ = {isa = PBXFileReference; explicitFileType = undefined; fileEncoding = undefined; includeInIndex = 0; lastKnownFileType = unknown; name = latte_pic_1_square.png; path = ../src/assets/coffee_assets/latte/square/latte_pic_1_square.png; sourceTree = "<group>"; };
		88681D930E3045CCB914440C /* latte_pic_2_square.png */ = {isa = PBXFileReference; explicitFileType = undefined; fileEncoding = undefined; includeInIndex = 0; lastKnownFileType = unknown; name = latte_pic_2_square.png; path = ../src/assets/coffee_assets/latte/square/latte_pic_2_square.png; sourceTree = "<group>"; };
		8D7A8445CD2A45069D5973BC /* splash.png */ = {isa = PBXFileReference; explicitFileType = undefined; fileEncoding = undefined; includeInIndex = 0; lastKnownFileType = unknown; name = splash.png; path = ../src/assets/images/splash.png; sourceTree = "<group>"; };
		8F94797CD6CC43CA919F768D /* latte_pic_3_portrait.png */ = {isa = PBXFileReference; explicitFileType = undefined; fileEncoding = undefined; includeInIndex = 0; lastKnownFileType = unknown; name = latte_pic_3_portrait.png; path = ../src/assets/coffee_assets/latte/portrait/latte_pic_3_portrait.png; sourceTree = "<group>"; };
		9BCC227B6CD44B7F8A0D8B6C /* macchiato_pic_3_portrait.png */ = {isa = PBXFileReference; explicitFileType = undefined; fileEncoding = undefined; includeInIndex = 0; lastKnownFileType = unknown; name = macchiato_pic_3_portrait.png; path = ../src/assets/coffee_assets/macchiato/portrait/macchiato_pic_3_portrait.png; sourceTree = "<group>"; };
		9E66941578CE496DBC3EBAEF /* americano_pic_3_portrait.png */ = {isa = PBXFileReference; explicitFileType = undefined; fileEncoding = undefined; includeInIndex = 0; lastKnownFileType = unknown; name = americano_pic_3_portrait.png; path = ../src/assets/coffee_assets/americano/portrait/americano_pic_3_portrait.png; sourceTree = "<group>"; };
		A1EF565D7A34440080176256 /* CoffeApp-Bridging-Header.h */ = {isa = PBXFileReference; explicitFileType = undefined; fileEncoding = 4; includeInIndex = 0; lastKnownFileType = sourcecode.c.h; name = "CoffeApp-Bridging-Header.h"; path = "CoffeApp/CoffeApp-Bridging-Header.h"; sourceTree = "<group>"; };
		A58CB92F40BE4D49A82F7F5F /* excelsa_coffee_beans_portrait.png */ = {isa = PBXFileReference; explicitFileType = undefined; fileEncoding = undefined; includeInIndex = 0; lastKnownFileType = unknown; name = excelsa_coffee_beans_portrait.png; path = ../src/assets/coffee_assets/excelsa_coffee_beans/excelsa_coffee_beans_portrait.png; sourceTree = "<group>"; };
		A7AE7A1B0BA64884A0DF77E3 /* espresso_pic_1_portrait.png */ = {isa = PBXFileReference; explicitFileType = undefined; fileEncoding = undefined; includeInIndex = 0; lastKnownFileType = unknown; name = espresso_pic_1_portrait.png; path = ../src/assets/coffee_assets/espressso/portrait/espresso_pic_1_portrait.png; sourceTree = "<group>"; };
		AA286B85B6C04FC6940260E9 /* SplashScreen.storyboard */ = {isa = PBXFileReference; fileEncoding = 4; lastKnownFileType = file.storyboard; name = SplashScreen.storyboard; path = CoffeApp/SplashScreen.storyboard; sourceTree = "<group>"; };
		ACF2D7F3F3E340D3A96C9D09 /* macchiato_pic_1_portrait.png */ = {isa = PBXFileReference; explicitFileType = undefined; fileEncoding = undefined; includeInIndex = 0; lastKnownFileType = unknown; name = macchiato_pic_1_portrait.png; path = ../src/assets/coffee_assets/macchiato/portrait/macchiato_pic_1_portrait.png; sourceTree = "<group>"; };
		B2289EBB91824F72B8608112 /* macchiato_pic_2_portrait.png */ = {isa = PBXFileReference; explicitFileType = undefined; fileEncoding = undefined; includeInIndex = 0; lastKnownFileType = unknown; name = macchiato_pic_2_portrait.png; path = ../src/assets/coffee_assets/macchiato/portrait/macchiato_pic_2_portrait.png; sourceTree = "<group>"; };
		B3685B4144FD42B38E86B419 /* Poppins-Black.ttf */ = {isa = PBXFileReference; explicitFileType = undefined; fileEncoding = undefined; includeInIndex = 0; lastKnownFileType = unknown; name = "Poppins-Black.ttf"; path = "../src/assets/fonts/Poppins-Black.ttf"; sourceTree = "<group>"; };
		B3CE56D7CF34454EBBF63A8B /* arabica_coffee_beans_portrait.png */ = {isa = PBXFileReference; explicitFileType = undefined; fileEncoding = undefined; includeInIndex = 0; lastKnownFileType = unknown; name = arabica_coffee_beans_portrait.png; path = ../src/assets/coffee_assets/arabica_coffee_beans/arabica_coffee_beans_portrait.png; sourceTree = "<group>"; };
		B54E6238D4324F9A84F6B5D5 /* americano_pic_2_square.png */ = {isa = PBXFileReference; explicitFileType = undefined; fileEncoding = undefined; includeInIndex = 0; lastKnownFileType = unknown; name = americano_pic_2_square.png; path = ../src/assets/coffee_assets/americano/square/americano_pic_2_square.png; sourceTree = "<group>"; };
		B6276C97EB764F2786EB9723 /* liberica_coffee_beans_portrait.png */ = {isa = PBXFileReference; explicitFileType = undefined; fileEncoding = undefined; includeInIndex = 0; lastKnownFileType = unknown; name = liberica_coffee_beans_portrait.png; path = ../src/assets/coffee_assets/liberica_coffee_beans/liberica_coffee_beans_portrait.png; sourceTree = "<group>"; };
		BB2F792C24A3F905000567C9 /* Expo.plist */ = {isa = PBXFileReference; fileEncoding = 4; lastKnownFileType = text.plist.xml; path = Expo.plist; sourceTree = "<group>"; };
		BFAECFF17EFD46A38FA20A3D /* cappuccino_pic_3_portrait.png */ = {isa = PBXFileReference; explicitFileType = undefined; fileEncoding = undefined; includeInIndex = 0; lastKnownFileType = unknown; name = cappuccino_pic_3_portrait.png; path = ../src/assets/coffee_assets/cappuccino/portrait/cappuccino_pic_3_portrait.png; sourceTree = "<group>"; };
		C0D523B93BAE43F09161CBCB /* arabica_coffee_beans_square.png */ = {isa = PBXFileReference; explicitFileType = undefined; fileEncoding = undefined; includeInIndex = 0; lastKnownFileType = unknown; name = arabica_coffee_beans_square.png; path = ../src/assets/coffee_assets/arabica_coffee_beans/arabica_coffee_beans_square.png; sourceTree = "<group>"; };
		C3635CB1BB7741DB8AF5680E /* americano_pic_1_portrait.png */ = {isa = PBXFileReference; explicitFileType = undefined; fileEncoding = undefined; includeInIndex = 0; lastKnownFileType = unknown; name = americano_pic_1_portrait.png; path = ../src/assets/coffee_assets/americano/portrait/americano_pic_1_portrait.png; sourceTree = "<group>"; };
		C3B0F1A866A74DC194B196B7 /* black_coffee_pic_3_portrait.png */ = {isa = PBXFileReference; explicitFileType = undefined; fileEncoding = undefined; includeInIndex = 0; lastKnownFileType = unknown; name = black_coffee_pic_3_portrait.png; path = ../src/assets/coffee_assets/black_coffee/portrait/black_coffee_pic_3_portrait.png; sourceTree = "<group>"; };
		C485207C8F6940EBA772EB02 /* black_coffee_pic_1_square.png */ = {isa = PBXFileReference; explicitFileType = undefined; fileEncoding = undefined; includeInIndex = 0; lastKnownFileType = unknown; name = black_coffee_pic_1_square.png; path = ../src/assets/coffee_assets/black_coffee/square/black_coffee_pic_1_square.png; sourceTree = "<group>"; };
		C48E5BEC449A47F695DD52A4 /* black_coffee_pic_1_portrait.png */ = {isa = PBXFileReference; explicitFileType = undefined; fileEncoding = undefined; includeInIndex = 0; lastKnownFileType = unknown; name = black_coffee_pic_1_portrait.png; path = ../src/assets/coffee_assets/black_coffee/portrait/black_coffee_pic_1_portrait.png; sourceTree = "<group>"; };
		C5631FFB282B41779BDB8B58 /* icon.png */ = {isa = PBXFileReference; explicitFileType = undefined; fileEncoding = undefined; includeInIndex = 0; lastKnownFileType = unknown; name = icon.png; path = ../src/assets/images/icon.png; sourceTree = "<group>"; };
		CAF9D124953A4AE98B2BEA73 /* espresso_pic_1_square.png */ = {isa = PBXFileReference; explicitFileType = undefined; fileEncoding = undefined; includeInIndex = 0; lastKnownFileType = unknown; name = espresso_pic_1_square.png; path = ../src/assets/coffee_assets/espressso/square/espresso_pic_1_square.png; sourceTree = "<group>"; };
		CDB2BF3395124123A4AE18E9 /* espresso_pic_3_square.png */ = {isa = PBXFileReference; explicitFileType = undefined; fileEncoding = undefined; includeInIndex = 0; lastKnownFileType = unknown; name = espresso_pic_3_square.png; path = ../src/assets/coffee_assets/espressso/square/espresso_pic_3_square.png; sourceTree = "<group>"; };
		D390A0FA10BC4F2B96863E03 /* americano_pic_2_portrait.png */ = {isa = PBXFileReference; explicitFileType = undefined; fileEncoding = undefined; includeInIndex = 0; lastKnownFileType = unknown; name = americano_pic_2_portrait.png; path = ../src/assets/coffee_assets/americano/portrait/americano_pic_2_portrait.png; sourceTree = "<group>"; };
		D411CC26203D470F9C8C730C /* robusta_coffee_beans_square.png */ = {isa = PBXFileReference; explicitFileType = undefined; fileEncoding = undefined; includeInIndex = 0; lastKnownFileType = unknown; name = robusta_coffee_beans_square.png; path = ../src/assets/coffee_assets/robusta_coffee_beans/robusta_coffee_beans_square.png; sourceTree = "<group>"; };
		DA269581B986C788D162D69D /* PrivacyInfo.xcprivacy */ = {isa = PBXFileReference; includeInIndex = 1; name = PrivacyInfo.xcprivacy; path = CoffeApp/PrivacyInfo.xcprivacy; sourceTree = "<group>"; };
		E18ADB5777F344B483FC24BF /* amazonpay.png */ = {isa = PBXFileReference; explicitFileType = undefined; fileEncoding = undefined; includeInIndex = 0; lastKnownFileType = unknown; name = amazonpay.png; path = ../src/assets/app_images/amazonpay.png; sourceTree = "<group>"; };
		E2C60FB331A9455F94475A20 /* applepay.png */ = {isa = PBXFileReference; explicitFileType = undefined; fileEncoding = undefined; includeInIndex = 0; lastKnownFileType = unknown; name = applepay.png; path = ../src/assets/app_images/applepay.png; sourceTree = "<group>"; };
		E9C393BAD5344E3CB7B99F58 /* noop-file.swift */ = {isa = PBXFileReference; explicitFileType = undefined; fileEncoding = 4; includeInIndex = 0; lastKnownFileType = sourcecode.swift; name = "noop-file.swift"; path = "CoffeApp/noop-file.swift"; sourceTree = "<group>"; };
		ED297162215061F000B7C4FE /* JavaScriptCore.framework */ = {isa = PBXFileReference; lastKnownFileType = wrapper.framework; name = JavaScriptCore.framework; path = System/Library/Frameworks/JavaScriptCore.framework; sourceTree = SDKROOT; };
		EF53836010B24CFCB489DCD3 /* favicon.png */ = {isa = PBXFileReference; explicitFileType = undefined; fileEncoding = undefined; includeInIndex = 0; lastKnownFileType = unknown; name = favicon.png; path = ../src/assets/images/favicon.png; sourceTree = "<group>"; };
		F929751624CF403CA2C0D69B /* cappuccino_pic_2_square.png */ = {isa = PBXFileReference; explicitFileType = undefined; fileEncoding = undefined; includeInIndex = 0; lastKnownFileType = unknown; name = cappuccino_pic_2_square.png; path = ../src/assets/coffee_assets/cappuccino/square/cappuccino_pic_2_square.png; sourceTree = "<group>"; };
		FAC715A2D49A985799AEE119 /* ExpoModulesProvider.swift */ = {isa = PBXFileReference; includeInIndex = 1; lastKnownFileType = sourcecode.swift; name = ExpoModulesProvider.swift; path = "Pods/Target Support Files/Pods-CoffeApp/ExpoModulesProvider.swift"; sourceTree = "<group>"; };
		FB717805D6A445A58522D8E8 /* cappuccino_pic_3_square.png */ = {isa = PBXFileReference; explicitFileType = undefined; fileEncoding = undefined; includeInIndex = 0; lastKnownFileType = unknown; name = cappuccino_pic_3_square.png; path = ../src/assets/coffee_assets/cappuccino/square/cappuccino_pic_3_square.png; sourceTree = "<group>"; };
		FC6FAB2A016544D3870AB4E5 /* excelsa_coffee_beans_square.png */ = {isa = PBXFileReference; explicitFileType = undefined; fileEncoding = undefined; includeInIndex = 0; lastKnownFileType = unknown; name = excelsa_coffee_beans_square.png; path = ../src/assets/coffee_assets/excelsa_coffee_beans/excelsa_coffee_beans_square.png; sourceTree = "<group>"; };
		FE90B1634CEE4467B123BA3E /* macchiato_pic_1_square.png */ = {isa = PBXFileReference; explicitFileType = undefined; fileEncoding = undefined; includeInIndex = 0; lastKnownFileType = unknown; name = macchiato_pic_1_square.png; path = ../src/assets/coffee_assets/macchiato/square/macchiato_pic_1_square.png; sourceTree = "<group>"; };
		FF2B31FC90064373A28A4B98 /* gpay.png */ = {isa = PBXFileReference; explicitFileType = undefined; fileEncoding = undefined; includeInIndex = 0; lastKnownFileType = unknown; name = gpay.png; path = ../src/assets/app_images/gpay.png; sourceTree = "<group>"; };
		FFB23EB7FA5D4DA8AB522104 /* cappuccino_pic_1_square.png */ = {isa = PBXFileReference; explicitFileType = undefined; fileEncoding = undefined; includeInIndex = 0; lastKnownFileType = unknown; name = cappuccino_pic_1_square.png; path = ../src/assets/coffee_assets/cappuccino/square/cappuccino_pic_1_square.png; sourceTree = "<group>"; };
/* End PBXFileReference section */

/* Begin PBXFrameworksBuildPhase section */
		13B07F8C1A680F5B00A75B9A /* Frameworks */ = {
			isa = PBXFrameworksBuildPhase;
			buildActionMask = 2147483647;
			files = (
				96905EF65AED1B983A6B3ABC /* libPods-CoffeApp.a in Frameworks */,
			);
			runOnlyForDeploymentPostprocessing = 0;
		};
/* End PBXFrameworksBuildPhase section */

/* Begin PBXGroup section */
		13B07FAE1A68108700A75B9A /* CoffeApp */ = {
			isa = PBXGroup;
			children = (
				BB2F792B24A3F905000567C9 /* Supporting */,
				13B07FAF1A68108700A75B9A /* AppDelegate.h */,
				13B07FB01A68108700A75B9A /* AppDelegate.mm */,
				13B07FB51A68108700A75B9A /* Images.xcassets */,
				13B07FB61A68108700A75B9A /* Info.plist */,
				13B07FB71A68108700A75B9A /* main.m */,
				AA286B85B6C04FC6940260E9 /* SplashScreen.storyboard */,
				E9C393BAD5344E3CB7B99F58 /* noop-file.swift */,
				A1EF565D7A34440080176256 /* CoffeApp-Bridging-Header.h */,
				DA269581B986C788D162D69D /* PrivacyInfo.xcprivacy */,
			);
			name = CoffeApp;
			sourceTree = "<group>";
		};
		2D16E6871FA4F8E400B85C8A /* Frameworks */ = {
			isa = PBXGroup;
			children = (
				ED297162215061F000B7C4FE /* JavaScriptCore.framework */,
				58EEBF8E8E6FB1BC6CAF49B5 /* libPods-CoffeApp.a */,
			);
			name = Frameworks;
			sourceTree = "<group>";
		};
		7317A85AFD7F4AECAE38DB6A /* Resources */ = {
			isa = PBXGroup;
			children = (
				B3685B4144FD42B38E86B419 /* Poppins-Black.ttf */,
				5E33C3B0EE00424690F8755D /* Poppins-Bold.ttf */,
				6DED2859D70246E5BC4BD8F7 /* Poppins-ExtraBold.ttf */,
				04F457679A64404D86542D59 /* Poppins-ExtraLight.ttf */,
				70A832E239714AD2A6945555 /* Poppins-Light.ttf */,
				61ADC3EF0EDF4DD2B8234F52 /* Poppins-Medium.ttf */,
				3EFCFC6E7EDA43CF8CDD1AB8 /* Poppins-Regular.ttf */,
				6C8A04D6DF904E37A98626E4 /* Poppins-SemiBold.ttf */,
				043863313696422CBE7EA14A /* Poppins-Thin.ttf */,
				3FE985C1B3B54C92BACB9761 /* app_icons.ttf */,
				E18ADB5777F344B483FC24BF /* amazonpay.png */,
				E2C60FB331A9455F94475A20 /* applepay.png */,
				36FDE409905046BFBB89718F /* avatar.png */,
				FF2B31FC90064373A28A4B98 /* gpay.png */,
				C3635CB1BB7741DB8AF5680E /* americano_pic_1_portrait.png */,
				D390A0FA10BC4F2B96863E03 /* americano_pic_2_portrait.png */,
				9E66941578CE496DBC3EBAEF /* americano_pic_3_portrait.png */,
				24BF19EE9B5F4F42A92D88AC /* americano_pic_1_square.png */,
				B54E6238D4324F9A84F6B5D5 /* americano_pic_2_square.png */,
				7234E38A644C460DB55A55C9 /* americano_pic_3_square.png */,
				B3CE56D7CF34454EBBF63A8B /* arabica_coffee_beans_portrait.png */,
				C0D523B93BAE43F09161CBCB /* arabica_coffee_beans_square.png */,
				C48E5BEC449A47F695DD52A4 /* black_coffee_pic_1_portrait.png */,
				2ADE8F4D30554BF2B5BC424A /* black_coffee_pic_2_portrait.png */,
				C3B0F1A866A74DC194B196B7 /* black_coffee_pic_3_portrait.png */,
				C485207C8F6940EBA772EB02 /* black_coffee_pic_1_square.png */,
				4AF6CAA90B6049AB973FC8F3 /* black_coffee_pic_2_square.png */,
				27420F73754C4915B6603894 /* black_coffee_pic_3_square.png */,
				82FF474F48CF4E45B580018C /* cappuccino_pic_1_portrait.png */,
				113732D2AFEF44389F844E02 /* cappuccino_pic_2_portrait.png */,
				BFAECFF17EFD46A38FA20A3D /* cappuccino_pic_3_portrait.png */,
				FFB23EB7FA5D4DA8AB522104 /* cappuccino_pic_1_square.png */,
				F929751624CF403CA2C0D69B /* cappuccino_pic_2_square.png */,
				FB717805D6A445A58522D8E8 /* cappuccino_pic_3_square.png */,
				A7AE7A1B0BA64884A0DF77E3 /* espresso_pic_1_portrait.png */,
				429562D5EF1D45C1BAD41E75 /* espresso_pic_2_portrait.png */,
				615CB0ADED3544FA9F4ACC04 /* espresso_pic_3_portrait.png */,
				CAF9D124953A4AE98B2BEA73 /* espresso_pic_1_square.png */,
				087D0F8BA79D49F6981224DA /* espresso_pic_2_square.png */,
				CDB2BF3395124123A4AE18E9 /* espresso_pic_3_square.png */,
				A58CB92F40BE4D49A82F7F5F /* excelsa_coffee_beans_portrait.png */,
				FC6FAB2A016544D3870AB4E5 /* excelsa_coffee_beans_square.png */,
				20B75A2F02FE476A9C701329 /* latte_pic_1_portrait.png */,
				06A9375EA85D44AFBFA88728 /* latte_pic_2_portrait.png */,
				8F94797CD6CC43CA919F768D /* latte_pic_3_portrait.png */,
				84421E5ACF5546B29937EE95 /* latte_pic_1_square.png */,
				88681D930E3045CCB914440C /* latte_pic_2_square.png */,
				1147E0A0A6EF4ED0A998B9F0 /* latte_pic_3_square.png */,
				B6276C97EB764F2786EB9723 /* liberica_coffee_beans_portrait.png */,
				32424C85175B48349E7AF73B /* liberica_coffee_beans_square.png */,
				ACF2D7F3F3E340D3A96C9D09 /* macchiato_pic_1_portrait.png */,
				B2289EBB91824F72B8608112 /* macchiato_pic_2_portrait.png */,
				9BCC227B6CD44B7F8A0D8B6C /* macchiato_pic_3_portrait.png */,
				FE90B1634CEE4467B123BA3E /* macchiato_pic_1_square.png */,
				6C6671D55C694224A16ED049 /* macchiato_pic_2_square.png */,
				02CAB5CAA08744F280FFC8E1 /* macchiato_pic_3_square.png */,
				5B6A46A627424596B183DB5F /* robusta_coffee_beans_portrait.png */,
				D411CC26203D470F9C8C730C /* robusta_coffee_beans_square.png */,
				EF53836010B24CFCB489DCD3 /* favicon.png */,
				C5631FFB282B41779BDB8B58 /* icon.png */,
				8D7A8445CD2A45069D5973BC /* splash.png */,
			);
			name = Resources;
			path = "";
			sourceTree = "<group>";
		};
		832341AE1AAA6A7D00B99B32 /* Libraries */ = {
			isa = PBXGroup;
			children = (
			);
			name = Libraries;
			sourceTree = "<group>";
		};
		83CBB9F61A601CBA00E9B192 = {
			isa = PBXGroup;
			children = (
				13B07FAE1A68108700A75B9A /* CoffeApp */,
				832341AE1AAA6A7D00B99B32 /* Libraries */,
				83CBBA001A601CBA00E9B192 /* Products */,
				2D16E6871FA4F8E400B85C8A /* Frameworks */,
				D65327D7A22EEC0BE12398D9 /* Pods */,
				D7E4C46ADA2E9064B798F356 /* ExpoModulesProviders */,
				7317A85AFD7F4AECAE38DB6A /* Resources */,
			);
			indentWidth = 2;
			sourceTree = "<group>";
			tabWidth = 2;
			usesTabs = 0;
		};
		83CBBA001A601CBA00E9B192 /* Products */ = {
			isa = PBXGroup;
			children = (
				13B07F961A680F5B00A75B9A /* CoffeApp.app */,
			);
			name = Products;
			sourceTree = "<group>";
		};
		92DBD88DE9BF7D494EA9DA96 /* CoffeApp */ = {
			isa = PBXGroup;
			children = (
				FAC715A2D49A985799AEE119 /* ExpoModulesProvider.swift */,
			);
			name = CoffeApp;
			sourceTree = "<group>";
		};
		BB2F792B24A3F905000567C9 /* Supporting */ = {
			isa = PBXGroup;
			children = (
				BB2F792C24A3F905000567C9 /* Expo.plist */,
			);
			name = Supporting;
			path = CoffeApp/Supporting;
			sourceTree = "<group>";
		};
		D65327D7A22EEC0BE12398D9 /* Pods */ = {
			isa = PBXGroup;
			children = (
				6C2E3173556A471DD304B334 /* Pods-CoffeApp.debug.xcconfig */,
				7A4D352CD337FB3A3BF06240 /* Pods-CoffeApp.release.xcconfig */,
			);
			path = Pods;
			sourceTree = "<group>";
		};
		D7E4C46ADA2E9064B798F356 /* ExpoModulesProviders */ = {
			isa = PBXGroup;
			children = (
				92DBD88DE9BF7D494EA9DA96 /* CoffeApp */,
			);
			name = ExpoModulesProviders;
			sourceTree = "<group>";
		};
/* End PBXGroup section */

/* Begin PBXNativeTarget section */
		13B07F861A680F5B00A75B9A /* CoffeApp */ = {
			isa = PBXNativeTarget;
			buildConfigurationList = 13B07F931A680F5B00A75B9A /* Build configuration list for PBXNativeTarget "CoffeApp" */;
			buildPhases = (
				08A4A3CD28434E44B6B9DE2E /* [CP] Check Pods Manifest.lock */,
				5C3E65D2751A12B2CD0058B7 /* [Expo] Configure project */,
				13B07F871A680F5B00A75B9A /* Sources */,
				13B07F8C1A680F5B00A75B9A /* Frameworks */,
				13B07F8E1A680F5B00A75B9A /* Resources */,
				00DD1BFF1BD5951E006B06BC /* Bundle React Native code and images */,
				800E24972A6A228C8D4807E9 /* [CP] Copy Pods Resources */,
				E55E130D90C3A50DDCC2D8ED /* [CP] Embed Pods Frameworks */,
			);
			buildRules = (
			);
			dependencies = (
			);
			name = CoffeApp;
			productName = CoffeApp;
			productReference = 13B07F961A680F5B00A75B9A /* CoffeApp.app */;
			productType = "com.apple.product-type.application";
		};
/* End PBXNativeTarget section */

/* Begin PBXProject section */
		83CBB9F71A601CBA00E9B192 /* Project object */ = {
			isa = PBXProject;
			attributes = {
				LastUpgradeCheck = 1130;
				TargetAttributes = {
					13B07F861A680F5B00A75B9A = {
						LastSwiftMigration = 1250;
					};
				};
			};
			buildConfigurationList = 83CBB9FA1A601CBA00E9B192 /* Build configuration list for PBXProject "CoffeApp" */;
			compatibilityVersion = "Xcode 3.2";
			developmentRegion = en;
			hasScannedForEncodings = 0;
			knownRegions = (
				en,
				Base,
			);
			mainGroup = 83CBB9F61A601CBA00E9B192;
			productRefGroup = 83CBBA001A601CBA00E9B192 /* Products */;
			projectDirPath = "";
			projectRoot = "";
			targets = (
				13B07F861A680F5B00A75B9A /* CoffeApp */,
			);
		};
/* End PBXProject section */

/* Begin PBXResourcesBuildPhase section */
		13B07F8E1A680F5B00A75B9A /* Resources */ = {
			isa = PBXResourcesBuildPhase;
			buildActionMask = 2147483647;
			files = (
				BB2F792D24A3F905000567C9 /* Expo.plist in Resources */,
				13B07FBF1A68108700A75B9A /* Images.xcassets in Resources */,
				3E461D99554A48A4959DE609 /* SplashScreen.storyboard in Resources */,
				A59F81A3DF1C057DEC938CAF /* PrivacyInfo.xcprivacy in Resources */,
				083ECD0BD36443A7A0E5AD2C /* Poppins-Black.ttf in Resources */,
				691A6D804DE24DC794AF0422 /* Poppins-Bold.ttf in Resources */,
				93102EFA02354E6F9902E75C /* Poppins-ExtraBold.ttf in Resources */,
				4162D19378EF4A1BBC546889 /* Poppins-ExtraLight.ttf in Resources */,
				53F16C97777F40A7BF9F0D59 /* Poppins-Light.ttf in Resources */,
				DC6EC00594284E269466D302 /* Poppins-Medium.ttf in Resources */,
				445D2B35574B42F38E037395 /* Poppins-Regular.ttf in Resources */,
				74111BF3A5114E3BA21D4303 /* Poppins-SemiBold.ttf in Resources */,
				5893357F31FC40119FFC057C /* Poppins-Thin.ttf in Resources */,
				A7519975F5484183A8EF28AE /* app_icons.ttf in Resources */,
				314AC1EB90874CB182B03664 /* amazonpay.png in Resources */,
				5AA5A20ADCC840A6989AD5B8 /* applepay.png in Resources */,
				D30396F2607B44E49FDCCC01 /* avatar.png in Resources */,
				E5040B90C7604885B54612A9 /* gpay.png in Resources */,
				F70474FBB26345299F780F27 /* americano_pic_1_portrait.png in Resources */,
				B72EF3BF33AE4D389147A29C /* americano_pic_2_portrait.png in Resources */,
				544B5349C167424498C92176 /* americano_pic_3_portrait.png in Resources */,
				0BEAAED4F48C4B4BB7D8E5AB /* americano_pic_1_square.png in Resources */,
				CFD9DB125A964107BB6D64CD /* americano_pic_2_square.png in Resources */,
				CEE8EF58A0F2474E98F84101 /* americano_pic_3_square.png in Resources */,
				308240C0261647EAB3FC7F11 /* arabica_coffee_beans_portrait.png in Resources */,
				CCB15408A15B4E77AFE9F0F1 /* arabica_coffee_beans_square.png in Resources */,
				283D1980628C4EB6BB704CD0 /* black_coffee_pic_1_portrait.png in Resources */,
				8C01AD4221A24F9D9A521F68 /* black_coffee_pic_2_portrait.png in Resources */,
				BE7874021C46455386D75792 /* black_coffee_pic_3_portrait.png in Resources */,
				4815206E5B434655AF9B34DE /* black_coffee_pic_1_square.png in Resources */,
				FD72EB37D67D4D538914F2D8 /* black_coffee_pic_2_square.png in Resources */,
				E65C6DD60F54409DA28FFABA /* black_coffee_pic_3_square.png in Resources */,
				C0886ED4C894415F949623CB /* cappuccino_pic_1_portrait.png in Resources */,
				819791E0C42F4BE992A9A8EE /* cappuccino_pic_2_portrait.png in Resources */,
				A22DD2D1611C4D1D9F0BF652 /* cappuccino_pic_3_portrait.png in Resources */,
				FEB7DAD31D484BD68D674F32 /* cappuccino_pic_1_square.png in Resources */,
				07027E5B585B4FD09F7145E7 /* cappuccino_pic_2_square.png in Resources */,
				EA53880AF5834A24B22F7F09 /* cappuccino_pic_3_square.png in Resources */,
				5E3FD4BC24214073A428AAB8 /* espresso_pic_1_portrait.png in Resources */,
				BCE0EA4E995C46F09D6136C4 /* espresso_pic_2_portrait.png in Resources */,
				9F877C1560EE4F3B9C01961A /* espresso_pic_3_portrait.png in Resources */,
				30D1B7E55A1C458892D3E210 /* espresso_pic_1_square.png in Resources */,
				36D9F806ED02440EB5C7A0D1 /* espresso_pic_2_square.png in Resources */,
				2A379E8CAB5B4C7484894684 /* espresso_pic_3_square.png in Resources */,
				E507AAC0EC9348EF9D1D86FB /* excelsa_coffee_beans_portrait.png in Resources */,
				569DFF78B70F4A459926580C /* excelsa_coffee_beans_square.png in Resources */,
				2F9AE2047D6342DC96BD3A06 /* latte_pic_1_portrait.png in Resources */,
				271B699FE48A47C080D9E910 /* latte_pic_2_portrait.png in Resources */,
				C7A43FABB8764F1B8AEF1E86 /* latte_pic_3_portrait.png in Resources */,
				37F96E925F304786ADE683D4 /* latte_pic_1_square.png in Resources */,
				96EC8FD30A794FCFB5C9978A /* latte_pic_2_square.png in Resources */,
				50EA1134A0E8471CB4DDA77B /* latte_pic_3_square.png in Resources */,
				615091A7AC8B4893B0AF39AE /* liberica_coffee_beans_portrait.png in Resources */,
				6065BC5BF28549F5B3F87E6F /* liberica_coffee_beans_square.png in Resources */,
				4226F704E6144A95B9B68156 /* macchiato_pic_1_portrait.png in Resources */,
				CF7F0F1DC02D4E23A3433C2A /* macchiato_pic_2_portrait.png in Resources */,
				1495412D0BBD474080ED14AB /* macchiato_pic_3_portrait.png in Resources */,
				0BC010E649BF4039BF652DE0 /* macchiato_pic_1_square.png in Resources */,
				A173315F1E0F4AB5A77418AA /* macchiato_pic_2_square.png in Resources */,
				85B157504630423DABD41159 /* macchiato_pic_3_square.png in Resources */,
				1E239D4B02164F8DA616E5F7 /* robusta_coffee_beans_portrait.png in Resources */,
				9546A876085C4D829E84DF55 /* robusta_coffee_beans_square.png in Resources */,
				C80A4987B10C479897CF1770 /* favicon.png in Resources */,
				C1C98B7177FC4FADB616751F /* icon.png in Resources */,
				47E83D1EC2534815AF0F5F05 /* splash.png in Resources */,
			);
			runOnlyForDeploymentPostprocessing = 0;
		};
/* End PBXResourcesBuildPhase section */

/* Begin PBXShellScriptBuildPhase section */
		00DD1BFF1BD5951E006B06BC /* Bundle React Native code and images */ = {
			isa = PBXShellScriptBuildPhase;
			alwaysOutOfDate = 1;
			buildActionMask = 2147483647;
			files = (
			);
			inputPaths = (
			);
			name = "Bundle React Native code and images";
			outputPaths = (
			);
			runOnlyForDeploymentPostprocessing = 0;
			shellPath = /bin/sh;
			shellScript = "if [[ -f \"$PODS_ROOT/../.xcode.env\" ]]; then\n  source \"$PODS_ROOT/../.xcode.env\"\nfi\nif [[ -f \"$PODS_ROOT/../.xcode.env.local\" ]]; then\n  source \"$PODS_ROOT/../.xcode.env.local\"\nfi\n\n# The project root by default is one level up from the ios directory\nexport PROJECT_ROOT=\"$PROJECT_DIR\"/..\n\nif [[ \"$CONFIGURATION\" = *Debug* ]]; then\n  export SKIP_BUNDLING=1\nfi\nif [[ -z \"$ENTRY_FILE\" ]]; then\n  # Set the entry JS file using the bundler's entry resolution.\n  export ENTRY_FILE=\"$(\"$NODE_BINARY\" -e \"require('expo/scripts/resolveAppEntry')\" \"$PROJECT_ROOT\" ios absolute | tail -n 1)\"\nfi\n\nif [[ -z \"$CLI_PATH\" ]]; then\n  # Use Expo CLI\n  export CLI_PATH=\"$(\"$NODE_BINARY\" --print \"require.resolve('@expo/cli', { paths: [require.resolve('expo/package.json')] })\")\"\nfi\nif [[ -z \"$BUNDLE_COMMAND\" ]]; then\n  # Default Expo CLI command for bundling\n  export BUNDLE_COMMAND=\"export:embed\"\nfi\n\n# Source .xcode.env.updates if it exists to allow\n# SKIP_BUNDLING to be unset if needed\nif [[ -f \"$PODS_ROOT/../.xcode.env.updates\" ]]; then\n  source \"$PODS_ROOT/../.xcode.env.updates\"\nfi\n# Source local changes to allow overrides\n# if needed\nif [[ -f \"$PODS_ROOT/../.xcode.env.local\" ]]; then\n  source \"$PODS_ROOT/../.xcode.env.local\"\nfi\n\n`\"$NODE_BINARY\" --print \"require('path').dirname(require.resolve('react-native/package.json')) + '/scripts/react-native-xcode.sh'\"`\n\n";
		};
		08A4A3CD28434E44B6B9DE2E /* [CP] Check Pods Manifest.lock */ = {
			isa = PBXShellScriptBuildPhase;
			buildActionMask = 2147483647;
			files = (
			);
			inputFileListPaths = (
			);
			inputPaths = (
				"${PODS_PODFILE_DIR_PATH}/Podfile.lock",
				"${PODS_ROOT}/Manifest.lock",
			);
			name = "[CP] Check Pods Manifest.lock";
			outputFileListPaths = (
			);
			outputPaths = (
				"$(DERIVED_FILE_DIR)/Pods-CoffeApp-checkManifestLockResult.txt",
			);
			runOnlyForDeploymentPostprocessing = 0;
			shellPath = /bin/sh;
			shellScript = "diff \"${PODS_PODFILE_DIR_PATH}/Podfile.lock\" \"${PODS_ROOT}/Manifest.lock\" > /dev/null\nif [ $? != 0 ] ; then\n    # print error to STDERR\n    echo \"error: The sandbox is not in sync with the Podfile.lock. Run 'pod install' or update your CocoaPods installation.\" >&2\n    exit 1\nfi\n# This output is used by Xcode 'outputs' to avoid re-running this script phase.\necho \"SUCCESS\" > \"${SCRIPT_OUTPUT_FILE_0}\"\n";
			showEnvVarsInLog = 0;
		};
		5C3E65D2751A12B2CD0058B7 /* [Expo] Configure project */ = {
			isa = PBXShellScriptBuildPhase;
			alwaysOutOfDate = 1;
			buildActionMask = 2147483647;
			files = (
			);
			inputFileListPaths = (
			);
			inputPaths = (
			);
			name = "[Expo] Configure project";
			outputFileListPaths = (
			);
			outputPaths = (
			);
			runOnlyForDeploymentPostprocessing = 0;
			shellPath = /bin/sh;
			shellScript = "# This script configures Expo modules and generates the modules provider file.\nbash -l -c \"./Pods/Target\\ Support\\ Files/Pods-CoffeApp/expo-configure-project.sh\"\n";
		};
		800E24972A6A228C8D4807E9 /* [CP] Copy Pods Resources */ = {
			isa = PBXShellScriptBuildPhase;
			buildActionMask = 2147483647;
			files = (
			);
			inputPaths = (
				"${PODS_ROOT}/Target Support Files/Pods-CoffeApp/Pods-CoffeApp-resources.sh",
				"${PODS_CONFIGURATION_BUILD_DIR}/EXConstants/EXConstants.bundle",
				"${PODS_CONFIGURATION_BUILD_DIR}/EXConstants/ExpoConstants_privacy.bundle",
				"${PODS_CONFIGURATION_BUILD_DIR}/ExpoFileSystem/ExpoFileSystem_privacy.bundle",
				"${PODS_CONFIGURATION_BUILD_DIR}/ExpoSystemUI/ExpoSystemUI_privacy.bundle",
				"${PODS_CONFIGURATION_BUILD_DIR}/RNCAsyncStorage/RNCAsyncStorage_resources.bundle",
				"${PODS_CONFIGURATION_BUILD_DIR}/React-Core/RCTI18nStrings.bundle",
				"${PODS_CONFIGURATION_BUILD_DIR}/lottie-ios/LottiePrivacyInfo.bundle",
				"${PODS_CONFIGURATION_BUILD_DIR}/lottie-react-native/Lottie_React_Native_Privacy.bundle",
			);
			name = "[CP] Copy Pods Resources";
			outputPaths = (
				"${TARGET_BUILD_DIR}/${UNLOCALIZED_RESOURCES_FOLDER_PATH}/EXConstants.bundle",
				"${TARGET_BUILD_DIR}/${UNLOCALIZED_RESOURCES_FOLDER_PATH}/ExpoConstants_privacy.bundle",
				"${TARGET_BUILD_DIR}/${UNLOCALIZED_RESOURCES_FOLDER_PATH}/ExpoFileSystem_privacy.bundle",
				"${TARGET_BUILD_DIR}/${UNLOCALIZED_RESOURCES_FOLDER_PATH}/ExpoSystemUI_privacy.bundle",
				"${TARGET_BUILD_DIR}/${UNLOCALIZED_RESOURCES_FOLDER_PATH}/RNCAsyncStorage_resources.bundle",
				"${TARGET_BUILD_DIR}/${UNLOCALIZED_RESOURCES_FOLDER_PATH}/RCTI18nStrings.bundle",
				"${TARGET_BUILD_DIR}/${UNLOCALIZED_RESOURCES_FOLDER_PATH}/LottiePrivacyInfo.bundle",
				"${TARGET_BUILD_DIR}/${UNLOCALIZED_RESOURCES_FOLDER_PATH}/Lottie_React_Native_Privacy.bundle",
			);
			runOnlyForDeploymentPostprocessing = 0;
			shellPath = /bin/sh;
			shellScript = "\"${PODS_ROOT}/Target Support Files/Pods-CoffeApp/Pods-CoffeApp-resources.sh\"\n";
			showEnvVarsInLog = 0;
		};
		E55E130D90C3A50DDCC2D8ED /* [CP] Embed Pods Frameworks */ = {
			isa = PBXShellScriptBuildPhase;
			buildActionMask = 2147483647;
			files = (
			);
			inputPaths = (
				"${PODS_ROOT}/Target Support Files/Pods-CoffeApp/Pods-CoffeApp-frameworks.sh",
				"${PODS_XCFRAMEWORKS_BUILD_DIR}/hermes-engine/Pre-built/hermes.framework/hermes",
			);
			name = "[CP] Embed Pods Frameworks";
			outputPaths = (
				"${TARGET_BUILD_DIR}/${FRAMEWORKS_FOLDER_PATH}/hermes.framework",
			);
			runOnlyForDeploymentPostprocessing = 0;
			shellPath = /bin/sh;
			shellScript = "\"${PODS_ROOT}/Target Support Files/Pods-CoffeApp/Pods-CoffeApp-frameworks.sh\"\n";
			showEnvVarsInLog = 0;
		};
/* End PBXShellScriptBuildPhase section */

/* Begin PBXSourcesBuildPhase section */
		13B07F871A680F5B00A75B9A /* Sources */ = {
			isa = PBXSourcesBuildPhase;
			buildActionMask = 2147483647;
			files = (
				13B07FBC1A68108700A75B9A /* AppDelegate.mm in Sources */,
				13B07FC11A68108700A75B9A /* main.m in Sources */,
				B18059E884C0ABDD17F3DC3D /* ExpoModulesProvider.swift in Sources */,
				3EE79549BD8244E990E865F4 /* noop-file.swift in Sources */,
			);
			runOnlyForDeploymentPostprocessing = 0;
		};
/* End PBXSourcesBuildPhase section */

/* Begin XCBuildConfiguration section */
		13B07F941A680F5B00A75B9A /* Debug */ = {
			isa = XCBuildConfiguration;
			baseConfigurationReference = 6C2E3173556A471DD304B334 /* Pods-CoffeApp.debug.xcconfig */;
			buildSettings = {
				ASSETCATALOG_COMPILER_APPICON_NAME = AppIcon;
				CLANG_ENABLE_MODULES = YES;
				CODE_SIGN_ENTITLEMENTS = CoffeApp/CoffeApp.entitlements;
				CURRENT_PROJECT_VERSION = 1;
				ENABLE_BITCODE = NO;
				GCC_PREPROCESSOR_DEFINITIONS = (
					"$(inherited)",
					"FB_SONARKIT_ENABLED=1",
				);
				INFOPLIST_FILE = CoffeApp/Info.plist;
				IPHONEOS_DEPLOYMENT_TARGET = 13.4;
				LD_RUNPATH_SEARCH_PATHS = "$(inherited) @executable_path/Frameworks";
				MARKETING_VERSION = 1.0;
				OTHER_LDFLAGS = (
					"$(inherited)",
					"-ObjC",
					"-lc++",
				);
				OTHER_SWIFT_FLAGS = "$(inherited) -D EXPO_CONFIGURATION_DEBUG";
				PRODUCT_BUNDLE_IDENTIFIER = "com.myalsea.Coffe-App";
				PRODUCT_NAME = CoffeApp;
				SWIFT_OBJC_BRIDGING_HEADER = "CoffeApp/CoffeApp-Bridging-Header.h";
				SWIFT_OPTIMIZATION_LEVEL = "-Onone";
				SWIFT_VERSION = 5.0;
				TARGETED_DEVICE_FAMILY = "1,2";
				VERSIONING_SYSTEM = "apple-generic";
			};
			name = Debug;
		};
		13B07F951A680F5B00A75B9A /* Release */ = {
			isa = XCBuildConfiguration;
			baseConfigurationReference = 7A4D352CD337FB3A3BF06240 /* Pods-CoffeApp.release.xcconfig */;
			buildSettings = {
				ASSETCATALOG_COMPILER_APPICON_NAME = AppIcon;
				CLANG_ENABLE_MODULES = YES;
				CODE_SIGN_ENTITLEMENTS = CoffeApp/CoffeApp.entitlements;
				CURRENT_PROJECT_VERSION = 1;
				INFOPLIST_FILE = CoffeApp/Info.plist;
				IPHONEOS_DEPLOYMENT_TARGET = 13.4;
				LD_RUNPATH_SEARCH_PATHS = "$(inherited) @executable_path/Frameworks";
				MARKETING_VERSION = 1.0;
				OTHER_LDFLAGS = (
					"$(inherited)",
					"-ObjC",
					"-lc++",
				);
				OTHER_SWIFT_FLAGS = "$(inherited) -D EXPO_CONFIGURATION_RELEASE";
				PRODUCT_BUNDLE_IDENTIFIER = "com.myalsea.Coffe-App";
				PRODUCT_NAME = CoffeApp;
				SWIFT_OBJC_BRIDGING_HEADER = "CoffeApp/CoffeApp-Bridging-Header.h";
				SWIFT_VERSION = 5.0;
				TARGETED_DEVICE_FAMILY = "1,2";
				VERSIONING_SYSTEM = "apple-generic";
			};
			name = Release;
		};
		83CBBA201A601CBA00E9B192 /* Debug */ = {
			isa = XCBuildConfiguration;
			buildSettings = {
				ALWAYS_SEARCH_USER_PATHS = NO;
				CC = "";
				CLANG_ANALYZER_LOCALIZABILITY_NONLOCALIZED = YES;
				CLANG_CXX_LANGUAGE_STANDARD = "c++20";
				CLANG_CXX_LIBRARY = "libc++";
				CLANG_ENABLE_MODULES = YES;
				CLANG_ENABLE_OBJC_ARC = YES;
				CLANG_WARN_BLOCK_CAPTURE_AUTORELEASING = YES;
				CLANG_WARN_BOOL_CONVERSION = YES;
				CLANG_WARN_COMMA = YES;
				CLANG_WARN_CONSTANT_CONVERSION = YES;
				CLANG_WARN_DEPRECATED_OBJC_IMPLEMENTATIONS = YES;
				CLANG_WARN_DIRECT_OBJC_ISA_USAGE = YES_ERROR;
				CLANG_WARN_EMPTY_BODY = YES;
				CLANG_WARN_ENUM_CONVERSION = YES;
				CLANG_WARN_INFINITE_RECURSION = YES;
				CLANG_WARN_INT_CONVERSION = YES;
				CLANG_WARN_NON_LITERAL_NULL_CONVERSION = YES;
				CLANG_WARN_OBJC_IMPLICIT_RETAIN_SELF = YES;
				CLANG_WARN_OBJC_LITERAL_CONVERSION = YES;
				CLANG_WARN_OBJC_ROOT_CLASS = YES_ERROR;
				CLANG_WARN_RANGE_LOOP_ANALYSIS = YES;
				CLANG_WARN_STRICT_PROTOTYPES = YES;
				CLANG_WARN_SUSPICIOUS_MOVE = YES;
				CLANG_WARN_UNREACHABLE_CODE = YES;
				CLANG_WARN__DUPLICATE_METHOD_MATCH = YES;
				"CODE_SIGN_IDENTITY[sdk=iphoneos*]" = "iPhone Developer";
				COPY_PHASE_STRIP = NO;
				CXX = "";
				ENABLE_STRICT_OBJC_MSGSEND = YES;
				ENABLE_TESTABILITY = YES;
				GCC_C_LANGUAGE_STANDARD = gnu99;
				GCC_DYNAMIC_NO_PIC = NO;
				GCC_NO_COMMON_BLOCKS = YES;
				GCC_OPTIMIZATION_LEVEL = 0;
				GCC_PREPROCESSOR_DEFINITIONS = (
					"DEBUG=1",
					"$(inherited)",
				);
				GCC_SYMBOLS_PRIVATE_EXTERN = NO;
				GCC_WARN_64_TO_32_BIT_CONVERSION = YES;
				GCC_WARN_ABOUT_RETURN_TYPE = YES_ERROR;
				GCC_WARN_UNDECLARED_SELECTOR = YES;
				GCC_WARN_UNINITIALIZED_AUTOS = YES_AGGRESSIVE;
				GCC_WARN_UNUSED_FUNCTION = YES;
				GCC_WARN_UNUSED_VARIABLE = YES;
				IPHONEOS_DEPLOYMENT_TARGET = 13.4;
				LD = "";
				LDPLUSPLUS = "";
				LD_RUNPATH_SEARCH_PATHS = "/usr/lib/swift $(inherited)";
				LIBRARY_SEARCH_PATHS = "$(SDKROOT)/usr/lib/swift\"$(inherited)\"";
				MTL_ENABLE_DEBUG_INFO = YES;
				ONLY_ACTIVE_ARCH = YES;
				OTHER_LDFLAGS = (
					"$(inherited)",
					" ",
				);
				REACT_NATIVE_PATH = "${PODS_ROOT}/../../node_modules/react-native";
				SDKROOT = iphoneos;
				USE_HERMES = true;
			};
			name = Debug;
		};
		83CBBA211A601CBA00E9B192 /* Release */ = {
			isa = XCBuildConfiguration;
			buildSettings = {
				ALWAYS_SEARCH_USER_PATHS = NO;
				CC = "";
				CLANG_ANALYZER_LOCALIZABILITY_NONLOCALIZED = YES;
				CLANG_CXX_LANGUAGE_STANDARD = "c++20";
				CLANG_CXX_LIBRARY = "libc++";
				CLANG_ENABLE_MODULES = YES;
				CLANG_ENABLE_OBJC_ARC = YES;
				CLANG_WARN_BLOCK_CAPTURE_AUTORELEASING = YES;
				CLANG_WARN_BOOL_CONVERSION = YES;
				CLANG_WARN_COMMA = YES;
				CLANG_WARN_CONSTANT_CONVERSION = YES;
				CLANG_WARN_DEPRECATED_OBJC_IMPLEMENTATIONS = YES;
				CLANG_WARN_DIRECT_OBJC_ISA_USAGE = YES_ERROR;
				CLANG_WARN_EMPTY_BODY = YES;
				CLANG_WARN_ENUM_CONVERSION = YES;
				CLANG_WARN_INFINITE_RECURSION = YES;
				CLANG_WARN_INT_CONVERSION = YES;
				CLANG_WARN_NON_LITERAL_NULL_CONVERSION = YES;
				CLANG_WARN_OBJC_IMPLICIT_RETAIN_SELF = YES;
				CLANG_WARN_OBJC_LITERAL_CONVERSION = YES;
				CLANG_WARN_OBJC_ROOT_CLASS = YES_ERROR;
				CLANG_WARN_RANGE_LOOP_ANALYSIS = YES;
				CLANG_WARN_STRICT_PROTOTYPES = YES;
				CLANG_WARN_SUSPICIOUS_MOVE = YES;
				CLANG_WARN_UNREACHABLE_CODE = YES;
				CLANG_WARN__DUPLICATE_METHOD_MATCH = YES;
				"CODE_SIGN_IDENTITY[sdk=iphoneos*]" = "iPhone Developer";
				COPY_PHASE_STRIP = YES;
				CXX = "";
				ENABLE_NS_ASSERTIONS = NO;
				ENABLE_STRICT_OBJC_MSGSEND = YES;
				GCC_C_LANGUAGE_STANDARD = gnu99;
				GCC_NO_COMMON_BLOCKS = YES;
				GCC_WARN_64_TO_32_BIT_CONVERSION = YES;
				GCC_WARN_ABOUT_RETURN_TYPE = YES_ERROR;
				GCC_WARN_UNDECLARED_SELECTOR = YES;
				GCC_WARN_UNINITIALIZED_AUTOS = YES_AGGRESSIVE;
				GCC_WARN_UNUSED_FUNCTION = YES;
				GCC_WARN_UNUSED_VARIABLE = YES;
				IPHONEOS_DEPLOYMENT_TARGET = 13.4;
				LD = "";
				LDPLUSPLUS = "";
				LD_RUNPATH_SEARCH_PATHS = "/usr/lib/swift $(inherited)";
				LIBRARY_SEARCH_PATHS = "$(SDKROOT)/usr/lib/swift\"$(inherited)\"";
				MTL_ENABLE_DEBUG_INFO = NO;
				OTHER_LDFLAGS = (
					"$(inherited)",
					" ",
				);
				REACT_NATIVE_PATH = "${PODS_ROOT}/../../node_modules/react-native";
				SDKROOT = iphoneos;
				USE_HERMES = true;
				VALIDATE_PRODUCT = YES;
			};
			name = Release;
		};
/* End XCBuildConfiguration section */

/* Begin XCConfigurationList section */
		13B07F931A680F5B00A75B9A /* Build configuration list for PBXNativeTarget "CoffeApp" */ = {
			isa = XCConfigurationList;
			buildConfigurations = (
				13B07F941A680F5B00A75B9A /* Debug */,
				13B07F951A680F5B00A75B9A /* Release */,
			);
			defaultConfigurationIsVisible = 0;
			defaultConfigurationName = Release;
		};
		83CBB9FA1A601CBA00E9B192 /* Build configuration list for PBXProject "CoffeApp" */ = {
			isa = XCConfigurationList;
			buildConfigurations = (
				83CBBA201A601CBA00E9B192 /* Debug */,
				83CBBA211A601CBA00E9B192 /* Release */,
			);
			defaultConfigurationIsVisible = 0;
			defaultConfigurationName = Release;
		};
/* End XCConfigurationList section */
	};
	rootObject = 83CBB9F71A601CBA00E9B192 /* Project object */;
}
